
Microsoft Visual Studio Solution File, Format Version 12.00
# Visual Studio Version 17
VisualStudioVersion = 17.3.32819.101
MinimumVisualStudioVersion = 10.0.40219.1
Project("{FAE04EC0-301F-11D3-BF4B-00C04F79EFBC}") = "PruebaTecnicaBackEnd", "PruebaTecnicaBackEnd\PruebaTecnicaBackEnd.csproj", "{F1E54145-B64B-474F-B30D-886D150F242F}"
EndProject
Global
	GlobalSection(SolutionConfigurationPlatforms) = preSolution
		Debug|Any CPU = Debug|Any CPU
		Release|Any CPU = Release|Any CPU
	EndGlobalSection
	GlobalSection(ProjectConfigurationPlatforms) = postSolution
		{F1E54145-B64B-474F-B30D-886D150F242F}.Debug|Any CPU.ActiveCfg = Debug|Any CPU
		{F1E54145-B64B-474F-B30D-886D150F242F}.Debug|Any CPU.Build.0 = Debug|Any CPU
		{F1E54145-B64B-474F-B30D-886D150F242F}.Release|Any CPU.ActiveCfg = Release|Any CPU
		{F1E54145-B64B-474F-B30D-886D150F242F}.Release|Any CPU.Build.0 = Release|Any CPU
	EndGlobalSection
	GlobalSection(SolutionProperties) = preSolution
		HideSolutionNode = FALSE
	EndGlobalSection
	GlobalSection(ExtensibilityGlobals) = postSolution
		SolutionGuid = {5BCE36A6-578F-4586-B773-855A3F728C29}
	EndGlobalSection
EndGlobal
